
Microsoft Visual Studio Solution File, Format Version 12.00
# Visual Studio Version 17
VisualStudioVersion = 17.0.31903.59
MinimumVisualStudioVersion = 10.0.40219.1
Project("{2150E333-8FDC-42A3-9474-1A3956D46DE8}") = "src", "src", "{82DAE9A3-FF13-48FA-AE9C-A70249A26E1A}"
EndProject
Project("{FAE04EC0-301F-11D3-BF4B-00C04F79EFBC}") = "Api", "src\Api\Api.csproj", "{06C64D4E-D048-4ED4-BE83-7D432B5C295D}"
EndProject
Project("{2150E333-8FDC-42A3-9474-1A3956D46DE8}") = "tests", "tests", "{0380555F-9F01-432A-BA57-FB1A4AB495B5}"
EndProject
Project("{FAE04EC0-301F-11D3-BF4B-00C04F79EFBC}") = "Api.E2E", "tests\Api.E2E\Api.E2E.csproj", "{C0414A8D-D741-43D2-AD38-46AEBB9698F6}"
EndProject
Project("{FAE04EC0-301F-11D3-BF4B-00C04F79EFBC}") = "Domain", "src\Domain\Domain.csproj", "{8A813774-F511-4C23-991B-51AFB9026146}"
EndProject
Project("{FAE04EC0-301F-11D3-BF4B-00C04F79EFBC}") = "Application", "src\Application\Application.csproj", "{981943E2-437B-4AB2-92BD-F94D563D36CB}"
EndProject
Project("{FAE04EC0-301F-11D3-BF4B-00C04F79EFBC}") = "Infrastructure", "src\Infrastructure\Infrastructure.csproj", "{67BE9569-2A93-4FB3-8181-9D99F5BF85F4}"
EndProject
Project("{2150E333-8FDC-42A3-9474-1A3956D46DE8}") = "Api", "Api", "{0AD43048-6AD9-4EEA-86B7-2A537B7C2DE9}"
EndProject
Project("{2150E333-8FDC-42A3-9474-1A3956D46DE8}") = "Core", "Core", "{A26AADFF-6902-47E2-A76D-CD69AEBE1420}"
EndProject
Project("{2150E333-8FDC-42A3-9474-1A3956D46DE8}") = "Infrastructure", "Infrastructure", "{1FB1E6F9-7773-45D5-B81A-17FB35551D3C}"
EndProject
Project("{FAE04EC0-301F-11D3-BF4B-00C04F79EFBC}") = "Core.Tests", "tests\Core.Tests\Core.Tests.csproj", "{41513BF9-E555-48D2-8EE5-517CA1F225E8}"
EndProject
Global
	GlobalSection(SolutionConfigurationPlatforms) = preSolution
		Debug|Any CPU = Debug|Any CPU
		Release|Any CPU = Release|Any CPU
	EndGlobalSection
	GlobalSection(SolutionProperties) = preSolution
		HideSolutionNode = FALSE
	EndGlobalSection
	GlobalSection(ProjectConfigurationPlatforms) = postSolution
		{06C64D4E-D048-4ED4-BE83-7D432B5C295D}.Debug|Any CPU.ActiveCfg = Debug|Any CPU
		{06C64D4E-D048-4ED4-BE83-7D432B5C295D}.Debug|Any CPU.Build.0 = Debug|Any CPU
		{06C64D4E-D048-4ED4-BE83-7D432B5C295D}.Release|Any CPU.ActiveCfg = Release|Any CPU
		{06C64D4E-D048-4ED4-BE83-7D432B5C295D}.Release|Any CPU.Build.0 = Release|Any CPU
		{C0414A8D-D741-43D2-AD38-46AEBB9698F6}.Debug|Any CPU.ActiveCfg = Debug|Any CPU
		{C0414A8D-D741-43D2-AD38-46AEBB9698F6}.Debug|Any CPU.Build.0 = Debug|Any CPU
		{C0414A8D-D741-43D2-AD38-46AEBB9698F6}.Release|Any CPU.ActiveCfg = Release|Any CPU
		{C0414A8D-D741-43D2-AD38-46AEBB9698F6}.Release|Any CPU.Build.0 = Release|Any CPU
		{8A813774-F511-4C23-991B-51AFB9026146}.Debug|Any CPU.ActiveCfg = Debug|Any CPU
		{8A813774-F511-4C23-991B-51AFB9026146}.Debug|Any CPU.Build.0 = Debug|Any CPU
		{8A813774-F511-4C23-991B-51AFB9026146}.Release|Any CPU.ActiveCfg = Release|Any CPU
		{8A813774-F511-4C23-991B-51AFB9026146}.Release|Any CPU.Build.0 = Release|Any CPU
		{981943E2-437B-4AB2-92BD-F94D563D36CB}.Debug|Any CPU.ActiveCfg = Debug|Any CPU
		{981943E2-437B-4AB2-92BD-F94D563D36CB}.Debug|Any CPU.Build.0 = Debug|Any CPU
		{981943E2-437B-4AB2-92BD-F94D563D36CB}.Release|Any CPU.ActiveCfg = Release|Any CPU
		{981943E2-437B-4AB2-92BD-F94D563D36CB}.Release|Any CPU.Build.0 = Release|Any CPU
		{67BE9569-2A93-4FB3-8181-9D99F5BF85F4}.Debug|Any CPU.ActiveCfg = Debug|Any CPU
		{67BE9569-2A93-4FB3-8181-9D99F5BF85F4}.Debug|Any CPU.Build.0 = Debug|Any CPU
		{67BE9569-2A93-4FB3-8181-9D99F5BF85F4}.Release|Any CPU.ActiveCfg = Release|Any CPU
		{67BE9569-2A93-4FB3-8181-9D99F5BF85F4}.Release|Any CPU.Build.0 = Release|Any CPU
		{41513BF9-E555-48D2-8EE5-517CA1F225E8}.Debug|Any CPU.ActiveCfg = Debug|Any CPU
		{41513BF9-E555-48D2-8EE5-517CA1F225E8}.Debug|Any CPU.Build.0 = Debug|Any CPU
		{41513BF9-E555-48D2-8EE5-517CA1F225E8}.Release|Any CPU.ActiveCfg = Release|Any CPU
		{41513BF9-E555-48D2-8EE5-517CA1F225E8}.Release|Any CPU.Build.0 = Release|Any CPU
	EndGlobalSection
	GlobalSection(NestedProjects) = preSolution
		{C0414A8D-D741-43D2-AD38-46AEBB9698F6} = {0380555F-9F01-432A-BA57-FB1A4AB495B5}
		{0AD43048-6AD9-4EEA-86B7-2A537B7C2DE9} = {82DAE9A3-FF13-48FA-AE9C-A70249A26E1A}
		{06C64D4E-D048-4ED4-BE83-7D432B5C295D} = {0AD43048-6AD9-4EEA-86B7-2A537B7C2DE9}
		{A26AADFF-6902-47E2-A76D-CD69AEBE1420} = {82DAE9A3-FF13-48FA-AE9C-A70249A26E1A}
		{981943E2-437B-4AB2-92BD-F94D563D36CB} = {A26AADFF-6902-47E2-A76D-CD69AEBE1420}
		{8A813774-F511-4C23-991B-51AFB9026146} = {A26AADFF-6902-47E2-A76D-CD69AEBE1420}
		{1FB1E6F9-7773-45D5-B81A-17FB35551D3C} = {82DAE9A3-FF13-48FA-AE9C-A70249A26E1A}
		{67BE9569-2A93-4FB3-8181-9D99F5BF85F4} = {1FB1E6F9-7773-45D5-B81A-17FB35551D3C}
		{41513BF9-E555-48D2-8EE5-517CA1F225E8} = {0380555F-9F01-432A-BA57-FB1A4AB495B5}
	EndGlobalSection
EndGlobal
